// !$*UTF8*$!
{
	archiveVersion = 1;
	classes = {
	};
	objectVersion = 77;
	objects = {

/* Begin PBXBuildFile section */
		82394BD42E5076B200235CC7 /* Kingfisher in Frameworks */ = {isa = PBXBuildFile; productRef = 82394BD32E5076B200235CC7 /* Kingfisher */; };
		82394BF82E50CBB400235CC7 /* MockData.swift in Sources */ = {isa = PBXBuildFile; fileRef = 82394BF72E50CBB400235CC7 /* MockData.swift */; };
		82394BFA2E50E29B00235CC7 /* ArrayExtension.swift in Sources */ = {isa = PBXBuildFile; fileRef = 82394BF92E50E29B00235CC7 /* ArrayExtension.swift */; };
		824941982E4E49DC0058AB6E /* AppConfig.swift in Sources */ = {isa = PBXBuildFile; fileRef = 824941972E4E49DC0058AB6E /* AppConfig.swift */; };
		8249419E2E4E4A640058AB6E /* Formatters.swift in Sources */ = {isa = PBXBuildFile; fileRef = 8249419D2E4E4A640058AB6E /* Formatters.swift */; };
		824941A02E4E4A830058AB6E /* Genre.swift in Sources */ = {isa = PBXBuildFile; fileRef = 8249419F2E4E4A830058AB6E /* Genre.swift */; };
		824941A22E4E4AA20058AB6E /* Movie.swift in Sources */ = {isa = PBXBuildFile; fileRef = 824941A12E4E4AA20058AB6E /* Movie.swift */; };
		824941A42E4E4AB70058AB6E /* MovieDetails.swift in Sources */ = {isa = PBXBuildFile; fileRef = 824941A32E4E4AB70058AB6E /* MovieDetails.swift */; };
		824941A62E4E4AD40058AB6E /* PagedResponse.swift in Sources */ = {isa = PBXBuildFile; fileRef = 824941A52E4E4AD40058AB6E /* PagedResponse.swift */; };
		824941A82E4E4AF00058AB6E /* Endpoint.swift in Sources */ = {isa = PBXBuildFile; fileRef = 824941A72E4E4AF00058AB6E /* Endpoint.swift */; };
		824941AA2E4E4B070058AB6E /* APIClient.swift in Sources */ = {isa = PBXBuildFile; fileRef = 824941A92E4E4B070058AB6E /* APIClient.swift */; };
		824941AC2E4E4B240058AB6E /* TMDBService.swift in Sources */ = {isa = PBXBuildFile; fileRef = 824941AB2E4E4B240058AB6E /* TMDBService.swift */; };
		824941AE2E4E4B460058AB6E /* DiskCache.swift in Sources */ = {isa = PBXBuildFile; fileRef = 824941AD2E4E4B460058AB6E /* DiskCache.swift */; };
		824941B02E4E4B5F0058AB6E /* NetworkMonitor.swift in Sources */ = {isa = PBXBuildFile; fileRef = 824941AF2E4E4B5F0058AB6E /* NetworkMonitor.swift */; };
		824941B22E4E4B770058AB6E /* MoviesRepository.swift in Sources */ = {isa = PBXBuildFile; fileRef = 824941B12E4E4B770058AB6E /* MoviesRepository.swift */; };
		824941B52E4E4BA40058AB6E /* MoviesListViewModel.swift in Sources */ = {isa = PBXBuildFile; fileRef = 824941B42E4E4BA40058AB6E /* MoviesListViewModel.swift */; };
		824941B72E4E4BC30058AB6E /* MoviesListView.swift in Sources */ = {isa = PBXBuildFile; fileRef = 824941B62E4E4BC30058AB6E /* MoviesListView.swift */; };
		824941B92E4E4BE40058AB6E /* MovieRowView.swift in Sources */ = {isa = PBXBuildFile; fileRef = 824941B82E4E4BE40058AB6E /* MovieRowView.swift */; };
		824941BB2E4E4C040058AB6E /* GenreChipsView.swift in Sources */ = {isa = PBXBuildFile; fileRef = 824941BA2E4E4C040058AB6E /* GenreChipsView.swift */; };
		824941BD2E4E4C1D0058AB6E /* SearchBar.swift in Sources */ = {isa = PBXBuildFile; fileRef = 824941BC2E4E4C1D0058AB6E /* SearchBar.swift */; };
		824941C02E4E4C4B0058AB6E /* MovieDetailsViewModel.swift in Sources */ = {isa = PBXBuildFile; fileRef = 824941BF2E4E4C4B0058AB6E /* MovieDetailsViewModel.swift */; };
		824941C22E4E4C640058AB6E /* MovieDetailsView.swift in Sources */ = {isa = PBXBuildFile; fileRef = 824941C12E4E4C640058AB6E /* MovieDetailsView.swift */; };
		824941C42E4E4C870058AB6E /* LoadingView.swift in Sources */ = {isa = PBXBuildFile; fileRef = 824941C32E4E4C870058AB6E /* LoadingView.swift */; };
		824941C62E4E4C9B0058AB6E /* ErrorView.swift in Sources */ = {isa = PBXBuildFile; fileRef = 824941C52E4E4C9B0058AB6E /* ErrorView.swift */; };
		824941C82E4E4CB50058AB6E /* EmptyStateView.swift in Sources */ = {isa = PBXBuildFile; fileRef = 824941C72E4E4CB50058AB6E /* EmptyStateView.swift */; };
		824941CA2E4E580D0058AB6E /* Theme.swift in Sources */ = {isa = PBXBuildFile; fileRef = 824941C92E4E580D0058AB6E /* Theme.swift */; };
		824941CC2E4E59110058AB6E /* MovieGridItemView.swift in Sources */ = {isa = PBXBuildFile; fileRef = 824941CB2E4E59110058AB6E /* MovieGridItemView.swift */; };
		8268495F2E4F8CAD000029E4 /* ViewExtension.swift in Sources */ = {isa = PBXBuildFile; fileRef = 8268495E2E4F8CAD000029E4 /* ViewExtension.swift */; };
		82684A4E2E4FA098000029E4 /* ShimmeringView.swift in Sources */ = {isa = PBXBuildFile; fileRef = 82684A4D2E4FA098000029E4 /* ShimmeringView.swift */; };
		82684A502E4FCD15000029E4 /* ToastView.swift in Sources */ = {isa = PBXBuildFile; fileRef = 82684A4F2E4FCD14000029E4 /* ToastView.swift */; };
/* End PBXBuildFile section */

/* Begin PBXContainerItemProxy section */
		824941752E4E48DB0058AB6E /* PBXContainerItemProxy */ = {
			isa = PBXContainerItemProxy;
			containerPortal = 8249415C2E4E48D90058AB6E /* Project object */;
			proxyType = 1;
			remoteGlobalIDString = 824941632E4E48D90058AB6E;
			remoteInfo = MoviesApp;
		};
		8249417F2E4E48DB0058AB6E /* PBXContainerItemProxy */ = {
			isa = PBXContainerItemProxy;
			containerPortal = 8249415C2E4E48D90058AB6E /* Project object */;
			proxyType = 1;
			remoteGlobalIDString = 824941632E4E48D90058AB6E;
			remoteInfo = MoviesApp;
		};
/* End PBXContainerItemProxy section */

/* Begin PBXFileReference section */
		82394BF72E50CBB400235CC7 /* MockData.swift */ = {isa = PBXFileReference; lastKnownFileType = sourcecode.swift; path = MockData.swift; sourceTree = "<group>"; };
		82394BF92E50E29B00235CC7 /* ArrayExtension.swift */ = {isa = PBXFileReference; lastKnownFileType = sourcecode.swift; path = ArrayExtension.swift; sourceTree = "<group>"; };
		824941642E4E48D90058AB6E /* MoviesApp.app */ = {isa = PBXFileReference; explicitFileType = wrapper.application; includeInIndex = 0; path = MoviesApp.app; sourceTree = BUILT_PRODUCTS_DIR; };
		824941742E4E48DB0058AB6E /* MoviesAppTests.xctest */ = {isa = PBXFileReference; explicitFileType = wrapper.cfbundle; includeInIndex = 0; path = MoviesAppTests.xctest; sourceTree = BUILT_PRODUCTS_DIR; };
		8249417E2E4E48DB0058AB6E /* MoviesAppUITests.xctest */ = {isa = PBXFileReference; explicitFileType = wrapper.cfbundle; includeInIndex = 0; path = MoviesAppUITests.xctest; sourceTree = BUILT_PRODUCTS_DIR; };
		824941972E4E49DC0058AB6E /* AppConfig.swift */ = {isa = PBXFileReference; lastKnownFileType = sourcecode.swift; path = AppConfig.swift; sourceTree = "<group>"; };
		8249419D2E4E4A640058AB6E /* Formatters.swift */ = {isa = PBXFileReference; lastKnownFileType = sourcecode.swift; path = Formatters.swift; sourceTree = "<group>"; };
		8249419F2E4E4A830058AB6E /* Genre.swift */ = {isa = PBXFileReference; lastKnownFileType = sourcecode.swift; path = Genre.swift; sourceTree = "<group>"; };
		824941A12E4E4AA20058AB6E /* Movie.swift */ = {isa = PBXFileReference; lastKnownFileType = sourcecode.swift; path = Movie.swift; sourceTree = "<group>"; };
		824941A32E4E4AB70058AB6E /* MovieDetails.swift */ = {isa = PBXFileReference; lastKnownFileType = sourcecode.swift; path = MovieDetails.swift; sourceTree = "<group>"; };
		824941A52E4E4AD40058AB6E /* PagedResponse.swift */ = {isa = PBXFileReference; lastKnownFileType = sourcecode.swift; path = PagedResponse.swift; sourceTree = "<group>"; };
		824941A72E4E4AF00058AB6E /* Endpoint.swift */ = {isa = PBXFileReference; lastKnownFileType = sourcecode.swift; path = Endpoint.swift; sourceTree = "<group>"; };
		824941A92E4E4B070058AB6E /* APIClient.swift */ = {isa = PBXFileReference; lastKnownFileType = sourcecode.swift; path = APIClient.swift; sourceTree = "<group>"; };
		824941AB2E4E4B240058AB6E /* TMDBService.swift */ = {isa = PBXFileReference; lastKnownFileType = sourcecode.swift; path = TMDBService.swift; sourceTree = "<group>"; };
		824941AD2E4E4B460058AB6E /* DiskCache.swift */ = {isa = PBXFileReference; lastKnownFileType = sourcecode.swift; path = DiskCache.swift; sourceTree = "<group>"; };
		824941AF2E4E4B5F0058AB6E /* NetworkMonitor.swift */ = {isa = PBXFileReference; lastKnownFileType = sourcecode.swift; path = NetworkMonitor.swift; sourceTree = "<group>"; };
		824941B12E4E4B770058AB6E /* MoviesRepository.swift */ = {isa = PBXFileReference; lastKnownFileType = sourcecode.swift; path = MoviesRepository.swift; sourceTree = "<group>"; };
		824941B42E4E4BA40058AB6E /* MoviesListViewModel.swift */ = {isa = PBXFileReference; lastKnownFileType = sourcecode.swift; path = MoviesListViewModel.swift; sourceTree = "<group>"; };
		824941B62E4E4BC30058AB6E /* MoviesListView.swift */ = {isa = PBXFileReference; lastKnownFileType = sourcecode.swift; path = MoviesListView.swift; sourceTree = "<group>"; };
		824941B82E4E4BE40058AB6E /* MovieRowView.swift */ = {isa = PBXFileReference; lastKnownFileType = sourcecode.swift; path = MovieRowView.swift; sourceTree = "<group>"; };
		824941BA2E4E4C040058AB6E /* GenreChipsView.swift */ = {isa = PBXFileReference; lastKnownFileType = sourcecode.swift; path = GenreChipsView.swift; sourceTree = "<group>"; };
		824941BC2E4E4C1D0058AB6E /* SearchBar.swift */ = {isa = PBXFileReference; lastKnownFileType = sourcecode.swift; path = SearchBar.swift; sourceTree = "<group>"; };
		824941BF2E4E4C4B0058AB6E /* MovieDetailsViewModel.swift */ = {isa = PBXFileReference; lastKnownFileType = sourcecode.swift; path = MovieDetailsViewModel.swift; sourceTree = "<group>"; };
		824941C12E4E4C640058AB6E /* MovieDetailsView.swift */ = {isa = PBXFileReference; lastKnownFileType = sourcecode.swift; path = MovieDetailsView.swift; sourceTree = "<group>"; };
		824941C32E4E4C870058AB6E /* LoadingView.swift */ = {isa = PBXFileReference; lastKnownFileType = sourcecode.swift; path = LoadingView.swift; sourceTree = "<group>"; };
		824941C52E4E4C9B0058AB6E /* ErrorView.swift */ = {isa = PBXFileReference; lastKnownFileType = sourcecode.swift; path = ErrorView.swift; sourceTree = "<group>"; };
		824941C72E4E4CB50058AB6E /* EmptyStateView.swift */ = {isa = PBXFileReference; lastKnownFileType = sourcecode.swift; path = EmptyStateView.swift; sourceTree = "<group>"; };
		824941C92E4E580D0058AB6E /* Theme.swift */ = {isa = PBXFileReference; lastKnownFileType = sourcecode.swift; path = Theme.swift; sourceTree = "<group>"; };
		824941CB2E4E59110058AB6E /* MovieGridItemView.swift */ = {isa = PBXFileReference; lastKnownFileType = sourcecode.swift; path = MovieGridItemView.swift; sourceTree = "<group>"; };
		8268495E2E4F8CAD000029E4 /* ViewExtension.swift */ = {isa = PBXFileReference; lastKnownFileType = sourcecode.swift; path = ViewExtension.swift; sourceTree = "<group>"; };
		82684A4D2E4FA098000029E4 /* ShimmeringView.swift */ = {isa = PBXFileReference; lastKnownFileType = sourcecode.swift; path = ShimmeringView.swift; sourceTree = "<group>"; };
		82684A4F2E4FCD14000029E4 /* ToastView.swift */ = {isa = PBXFileReference; lastKnownFileType = sourcecode.swift; path = ToastView.swift; sourceTree = "<group>"; };
/* End PBXFileReference section */

/* Begin PBXFileSystemSynchronizedRootGroup section */
		824941662E4E48D90058AB6E /* MoviesApp */ = {
			isa = PBXFileSystemSynchronizedRootGroup;
			path = MoviesApp;
			sourceTree = "<group>";
		};
		824941772E4E48DB0058AB6E /* MoviesAppTests */ = {
			isa = PBXFileSystemSynchronizedRootGroup;
			path = MoviesAppTests;
			sourceTree = "<group>";
		};
		824941812E4E48DB0058AB6E /* MoviesAppUITests */ = {
			isa = PBXFileSystemSynchronizedRootGroup;
			path = MoviesAppUITests;
			sourceTree = "<group>";
		};
/* End PBXFileSystemSynchronizedRootGroup section */

/* Begin PBXFrameworksBuildPhase section */
		824941612E4E48D90058AB6E /* Frameworks */ = {
			isa = PBXFrameworksBuildPhase;
			buildActionMask = 2147483647;
			files = (
				82394BD42E5076B200235CC7 /* Kingfisher in Frameworks */,
			);
			runOnlyForDeploymentPostprocessing = 0;
		};
		824941712E4E48DB0058AB6E /* Frameworks */ = {
			isa = PBXFrameworksBuildPhase;
			buildActionMask = 2147483647;
			files = (
			);
			runOnlyForDeploymentPostprocessing = 0;
		};
		8249417B2E4E48DB0058AB6E /* Frameworks */ = {
			isa = PBXFrameworksBuildPhase;
			buildActionMask = 2147483647;
			files = (
			);
			runOnlyForDeploymentPostprocessing = 0;
		};
/* End PBXFrameworksBuildPhase section */

/* Begin PBXGroup section */
		82394C2F2E51266000235CC7 /* Mock Data */ = {
			isa = PBXGroup;
			children = (
				82394BF72E50CBB400235CC7 /* MockData.swift */,
			);
			path = "Mock Data";
			sourceTree = "<group>";
		};
		8249415B2E4E48D90058AB6E = {
			isa = PBXGroup;
			children = (
				824941662E4E48D90058AB6E /* MoviesApp */,
				824941912E4E49000058AB6E /* Config */,
				824941922E4E49130058AB6E /* Core */,
				824941932E4E49220058AB6E /* Features */,
				824941942E4E49320058AB6E /* Repository */,
				824941952E4E49440058AB6E /* SharedUI */,
				8268495D2E4F8C90000029E4 /* Extensions */,
				82394C2F2E51266000235CC7 /* Mock Data */,
				824941962E4E49530058AB6E /* Tests */,
				824941652E4E48D90058AB6E /* Products */,
			);
			sourceTree = "<group>";
		};
		824941652E4E48D90058AB6E /* Products */ = {
			isa = PBXGroup;
			children = (
				824941642E4E48D90058AB6E /* MoviesApp.app */,
				824941742E4E48DB0058AB6E /* MoviesAppTests.xctest */,
				8249417E2E4E48DB0058AB6E /* MoviesAppUITests.xctest */,
			);
			name = Products;
			sourceTree = "<group>";
		};
		824941912E4E49000058AB6E /* Config */ = {
			isa = PBXGroup;
			children = (
				824941972E4E49DC0058AB6E /* AppConfig.swift */,
			);
			path = Config;
			sourceTree = "<group>";
		};
		824941922E4E49130058AB6E /* Core */ = {
			isa = PBXGroup;
			children = (
				8249419C2E4E4A3F0058AB6E /* Models */,
				8249419B2E4E4A370058AB6E /* Utils */,
				8249419A2E4E4A2D0058AB6E /* Persistence */,
				824941992E4E4A1E0058AB6E /* Networking */,
			);
			path = Core;
			sourceTree = "<group>";
		};
		824941932E4E49220058AB6E /* Features */ = {
			isa = PBXGroup;
			children = (
				824941BE2E4E4C3E0058AB6E /* MovieDetails */,
				824941B32E4E4B960058AB6E /* MoviesList */,
			);
			path = Features;
			sourceTree = "<group>";
		};
		824941942E4E49320058AB6E /* Repository */ = {
			isa = PBXGroup;
			children = (
				824941B12E4E4B770058AB6E /* MoviesRepository.swift */,
			);
			path = Repository;
			sourceTree = "<group>";
		};
		824941952E4E49440058AB6E /* SharedUI */ = {
			isa = PBXGroup;
			children = (
				824941C32E4E4C870058AB6E /* LoadingView.swift */,
				824941C52E4E4C9B0058AB6E /* ErrorView.swift */,
				824941C72E4E4CB50058AB6E /* EmptyStateView.swift */,
				82684A4D2E4FA098000029E4 /* ShimmeringView.swift */,
				82684A4F2E4FCD14000029E4 /* ToastView.swift */,
			);
			path = SharedUI;
			sourceTree = "<group>";
		};
		824941962E4E49530058AB6E /* Tests */ = {
			isa = PBXGroup;
			children = (
				824941772E4E48DB0058AB6E /* MoviesAppTests */,
				824941812E4E48DB0058AB6E /* MoviesAppUITests */,
			);
			path = Tests;
			sourceTree = "<group>";
		};
		824941992E4E4A1E0058AB6E /* Networking */ = {
			isa = PBXGroup;
			children = (
				824941A72E4E4AF00058AB6E /* Endpoint.swift */,
				824941A92E4E4B070058AB6E /* APIClient.swift */,
				824941AB2E4E4B240058AB6E /* TMDBService.swift */,
			);
			path = Networking;
			sourceTree = "<group>";
		};
		8249419A2E4E4A2D0058AB6E /* Persistence */ = {
			isa = PBXGroup;
			children = (
				824941AD2E4E4B460058AB6E /* DiskCache.swift */,
				824941AF2E4E4B5F0058AB6E /* NetworkMonitor.swift */,
			);
			path = Persistence;
			sourceTree = "<group>";
		};
		8249419B2E4E4A370058AB6E /* Utils */ = {
			isa = PBXGroup;
			children = (
				8249419D2E4E4A640058AB6E /* Formatters.swift */,
				824941C92E4E580D0058AB6E /* Theme.swift */,
			);
			path = Utils;
			sourceTree = "<group>";
		};
		8249419C2E4E4A3F0058AB6E /* Models */ = {
			isa = PBXGroup;
			children = (
				8249419F2E4E4A830058AB6E /* Genre.swift */,
				824941A12E4E4AA20058AB6E /* Movie.swift */,
				824941A32E4E4AB70058AB6E /* MovieDetails.swift */,
				824941A52E4E4AD40058AB6E /* PagedResponse.swift */,
			);
			path = Models;
			sourceTree = "<group>";
		};
		824941B32E4E4B960058AB6E /* MoviesList */ = {
			isa = PBXGroup;
			children = (
				824941B42E4E4BA40058AB6E /* MoviesListViewModel.swift */,
				824941B62E4E4BC30058AB6E /* MoviesListView.swift */,
				824941B82E4E4BE40058AB6E /* MovieRowView.swift */,
				824941BA2E4E4C040058AB6E /* GenreChipsView.swift */,
				824941BC2E4E4C1D0058AB6E /* SearchBar.swift */,
				824941CB2E4E59110058AB6E /* MovieGridItemView.swift */,
			);
			path = MoviesList;
			sourceTree = "<group>";
		};
		824941BE2E4E4C3E0058AB6E /* MovieDetails */ = {
			isa = PBXGroup;
			children = (
				824941BF2E4E4C4B0058AB6E /* MovieDetailsViewModel.swift */,
				824941C12E4E4C640058AB6E /* MovieDetailsView.swift */,
			);
			path = MovieDetails;
			sourceTree = "<group>";
		};
		8268495D2E4F8C90000029E4 /* Extensions */ = {
			isa = PBXGroup;
			children = (
				8268495E2E4F8CAD000029E4 /* ViewExtension.swift */,
				82394BF92E50E29B00235CC7 /* ArrayExtension.swift */,
			);
			path = Extensions;
			sourceTree = "<group>";
		};
/* End PBXGroup section */

/* Begin PBXNativeTarget section */
		824941632E4E48D90058AB6E /* MoviesApp */ = {
			isa = PBXNativeTarget;
			buildConfigurationList = 824941882E4E48DB0058AB6E /* Build configuration list for PBXNativeTarget "MoviesApp" */;
			buildPhases = (
				824941602E4E48D90058AB6E /* Sources */,
				824941612E4E48D90058AB6E /* Frameworks */,
				824941622E4E48D90058AB6E /* Resources */,
			);
			buildRules = (
			);
			dependencies = (
			);
			fileSystemSynchronizedGroups = (
				824941662E4E48D90058AB6E /* MoviesApp */,
			);
			name = MoviesApp;
			packageProductDependencies = (
				82394BD32E5076B200235CC7 /* Kingfisher */,
			);
			productName = MoviesApp;
			productReference = 824941642E4E48D90058AB6E /* MoviesApp.app */;
			productType = "com.apple.product-type.application";
		};
		824941732E4E48DB0058AB6E /* MoviesAppTests */ = {
			isa = PBXNativeTarget;
			buildConfigurationList = 8249418B2E4E48DB0058AB6E /* Build configuration list for PBXNativeTarget "MoviesAppTests" */;
			buildPhases = (
				824941702E4E48DB0058AB6E /* Sources */,
				824941712E4E48DB0058AB6E /* Frameworks */,
				824941722E4E48DB0058AB6E /* Resources */,
			);
			buildRules = (
			);
			dependencies = (
				824941762E4E48DB0058AB6E /* PBXTargetDependency */,
			);
			fileSystemSynchronizedGroups = (
				824941772E4E48DB0058AB6E /* MoviesAppTests */,
			);
			name = MoviesAppTests;
			packageProductDependencies = (
			);
			productName = MoviesAppTests;
			productReference = 824941742E4E48DB0058AB6E /* MoviesAppTests.xctest */;
			productType = "com.apple.product-type.bundle.unit-test";
		};
		8249417D2E4E48DB0058AB6E /* MoviesAppUITests */ = {
			isa = PBXNativeTarget;
			buildConfigurationList = 8249418E2E4E48DB0058AB6E /* Build configuration list for PBXNativeTarget "MoviesAppUITests" */;
			buildPhases = (
				8249417A2E4E48DB0058AB6E /* Sources */,
				8249417B2E4E48DB0058AB6E /* Frameworks */,
				8249417C2E4E48DB0058AB6E /* Resources */,
			);
			buildRules = (
			);
			dependencies = (
				824941802E4E48DB0058AB6E /* PBXTargetDependency */,
			);
			fileSystemSynchronizedGroups = (
				824941812E4E48DB0058AB6E /* MoviesAppUITests */,
			);
			name = MoviesAppUITests;
			packageProductDependencies = (
			);
			productName = MoviesAppUITests;
			productReference = 8249417E2E4E48DB0058AB6E /* MoviesAppUITests.xctest */;
			productType = "com.apple.product-type.bundle.ui-testing";
		};
/* End PBXNativeTarget section */

/* Begin PBXProject section */
		8249415C2E4E48D90058AB6E /* Project object */ = {
			isa = PBXProject;
			attributes = {
				BuildIndependentTargetsInParallel = 1;
				LastSwiftUpdateCheck = 1610;
				LastUpgradeCheck = 1610;
				TargetAttributes = {
					824941632E4E48D90058AB6E = {
						CreatedOnToolsVersion = 16.1;
					};
					824941732E4E48DB0058AB6E = {
						CreatedOnToolsVersion = 16.1;
						TestTargetID = 824941632E4E48D90058AB6E;
					};
					8249417D2E4E48DB0058AB6E = {
						CreatedOnToolsVersion = 16.1;
						TestTargetID = 824941632E4E48D90058AB6E;
					};
				};
			};
			buildConfigurationList = 8249415F2E4E48D90058AB6E /* Build configuration list for PBXProject "MoviesApp" */;
			developmentRegion = en;
			hasScannedForEncodings = 0;
			knownRegions = (
				en,
				Base,
			);
			mainGroup = 8249415B2E4E48D90058AB6E;
			minimizedProjectReferenceProxies = 1;
			packageReferences = (
				82394BD22E5076B200235CC7 /* XCRemoteSwiftPackageReference "Kingfisher" */,
			);
			preferredProjectObjectVersion = 77;
			productRefGroup = 824941652E4E48D90058AB6E /* Products */;
			projectDirPath = "";
			projectRoot = "";
			targets = (
				824941632E4E48D90058AB6E /* MoviesApp */,
				824941732E4E48DB0058AB6E /* MoviesAppTests */,
				8249417D2E4E48DB0058AB6E /* MoviesAppUITests */,
			);
		};
/* End PBXProject section */

/* Begin PBXResourcesBuildPhase section */
		824941622E4E48D90058AB6E /* Resources */ = {
			isa = PBXResourcesBuildPhase;
			buildActionMask = 2147483647;
			files = (
			);
			runOnlyForDeploymentPostprocessing = 0;
		};
		824941722E4E48DB0058AB6E /* Resources */ = {
			isa = PBXResourcesBuildPhase;
			buildActionMask = 2147483647;
			files = (
			);
			runOnlyForDeploymentPostprocessing = 0;
		};
		8249417C2E4E48DB0058AB6E /* Resources */ = {
			isa = PBXResourcesBuildPhase;
			buildActionMask = 2147483647;
			files = (
			);
			runOnlyForDeploymentPostprocessing = 0;
		};
/* End PBXResourcesBuildPhase section */

/* Begin PBXSourcesBuildPhase section */
		824941602E4E48D90058AB6E /* Sources */ = {
			isa = PBXSourcesBuildPhase;
			buildActionMask = 2147483647;
			files = (
				82394BF82E50CBB400235CC7 /* MockData.swift in Sources */,
				824941C02E4E4C4B0058AB6E /* MovieDetailsViewModel.swift in Sources */,
				824941BB2E4E4C040058AB6E /* GenreChipsView.swift in Sources */,
				824941B52E4E4BA40058AB6E /* MoviesListViewModel.swift in Sources */,
				824941C42E4E4C870058AB6E /* LoadingView.swift in Sources */,
				824941982E4E49DC0058AB6E /* AppConfig.swift in Sources */,
				824941A82E4E4AF00058AB6E /* Endpoint.swift in Sources */,
				824941A42E4E4AB70058AB6E /* MovieDetails.swift in Sources */,
				82684A4E2E4FA098000029E4 /* ShimmeringView.swift in Sources */,
				82684A502E4FCD15000029E4 /* ToastView.swift in Sources */,
				824941B92E4E4BE40058AB6E /* MovieRowView.swift in Sources */,
				824941C62E4E4C9B0058AB6E /* ErrorView.swift in Sources */,
				824941CA2E4E580D0058AB6E /* Theme.swift in Sources */,
				824941AA2E4E4B070058AB6E /* APIClient.swift in Sources */,
				824941AE2E4E4B460058AB6E /* DiskCache.swift in Sources */,
				82394BFA2E50E29B00235CC7 /* ArrayExtension.swift in Sources */,
				8268495F2E4F8CAD000029E4 /* ViewExtension.swift in Sources */,
				824941A22E4E4AA20058AB6E /* Movie.swift in Sources */,
				8249419E2E4E4A640058AB6E /* Formatters.swift in Sources */,
				824941B72E4E4BC30058AB6E /* MoviesListView.swift in Sources */,
				824941B22E4E4B770058AB6E /* MoviesRepository.swift in Sources */,
				824941C22E4E4C640058AB6E /* MovieDetailsView.swift in Sources */,
				824941C82E4E4CB50058AB6E /* EmptyStateView.swift in Sources */,
				824941B02E4E4B5F0058AB6E /* NetworkMonitor.swift in Sources */,
				824941BD2E4E4C1D0058AB6E /* SearchBar.swift in Sources */,
				824941A62E4E4AD40058AB6E /* PagedResponse.swift in Sources */,
				824941AC2E4E4B240058AB6E /* TMDBService.swift in Sources */,
				824941CC2E4E59110058AB6E /* MovieGridItemView.swift in Sources */,
				824941A02E4E4A830058AB6E /* Genre.swift in Sources */,
			);
			runOnlyForDeploymentPostprocessing = 0;
		};
		824941702E4E48DB0058AB6E /* Sources */ = {
			isa = PBXSourcesBuildPhase;
			buildActionMask = 2147483647;
			files = (
			);
			runOnlyForDeploymentPostprocessing = 0;
		};
		8249417A2E4E48DB0058AB6E /* Sources */ = {
			isa = PBXSourcesBuildPhase;
			buildActionMask = 2147483647;
			files = (
			);
			runOnlyForDeploymentPostprocessing = 0;
		};
/* End PBXSourcesBuildPhase section */

/* Begin PBXTargetDependency section */
		824941762E4E48DB0058AB6E /* PBXTargetDependency */ = {
			isa = PBXTargetDependency;
			target = 824941632E4E48D90058AB6E /* MoviesApp */;
			targetProxy = 824941752E4E48DB0058AB6E /* PBXContainerItemProxy */;
		};
		824941802E4E48DB0058AB6E /* PBXTargetDependency */ = {
			isa = PBXTargetDependency;
			target = 824941632E4E48D90058AB6E /* MoviesApp */;
			targetProxy = 8249417F2E4E48DB0058AB6E /* PBXContainerItemProxy */;
		};
/* End PBXTargetDependency section */

/* Begin XCBuildConfiguration section */
		824941862E4E48DB0058AB6E /* Debug */ = {
			isa = XCBuildConfiguration;
			buildSettings = {
				ALWAYS_SEARCH_USER_PATHS = NO;
				ASSETCATALOG_COMPILER_GENERATE_SWIFT_ASSET_SYMBOL_EXTENSIONS = YES;
				CLANG_ANALYZER_NONNULL = YES;
				CLANG_ANALYZER_NUMBER_OBJECT_CONVERSION = YES_AGGRESSIVE;
				CLANG_CXX_LANGUAGE_STANDARD = "gnu++20";
				CLANG_ENABLE_MODULES = YES;
				CLANG_ENABLE_OBJC_ARC = YES;
				CLANG_ENABLE_OBJC_WEAK = YES;
				CLANG_WARN_BLOCK_CAPTURE_AUTORELEASING = YES;
				CLANG_WARN_BOOL_CONVERSION = YES;
				CLANG_WARN_COMMA = YES;
				CLANG_WARN_CONSTANT_CONVERSION = YES;
				CLANG_WARN_DEPRECATED_OBJC_IMPLEMENTATIONS = YES;
				CLANG_WARN_DIRECT_OBJC_ISA_USAGE = YES_ERROR;
				CLANG_WARN_DOCUMENTATION_COMMENTS = YES;
				CLANG_WARN_EMPTY_BODY = YES;
				CLANG_WARN_ENUM_CONVERSION = YES;
				CLANG_WARN_INFINITE_RECURSION = YES;
				CLANG_WARN_INT_CONVERSION = YES;
				CLANG_WARN_NON_LITERAL_NULL_CONVERSION = YES;
				CLANG_WARN_OBJC_IMPLICIT_RETAIN_SELF = YES;
				CLANG_WARN_OBJC_LITERAL_CONVERSION = YES;
				CLANG_WARN_OBJC_ROOT_CLASS = YES_ERROR;
				CLANG_WARN_QUOTED_INCLUDE_IN_FRAMEWORK_HEADER = YES;
				CLANG_WARN_RANGE_LOOP_ANALYSIS = YES;
				CLANG_WARN_STRICT_PROTOTYPES = YES;
				CLANG_WARN_SUSPICIOUS_MOVE = YES;
				CLANG_WARN_UNGUARDED_AVAILABILITY = YES_AGGRESSIVE;
				CLANG_WARN_UNREACHABLE_CODE = YES;
				CLANG_WARN__DUPLICATE_METHOD_MATCH = YES;
				COPY_PHASE_STRIP = NO;
				DEBUG_INFORMATION_FORMAT = dwarf;
				ENABLE_STRICT_OBJC_MSGSEND = YES;
				ENABLE_TESTABILITY = YES;
				ENABLE_USER_SCRIPT_SANDBOXING = YES;
				GCC_C_LANGUAGE_STANDARD = gnu17;
				GCC_DYNAMIC_NO_PIC = NO;
				GCC_NO_COMMON_BLOCKS = YES;
				GCC_OPTIMIZATION_LEVEL = 0;
				GCC_PREPROCESSOR_DEFINITIONS = (
					"DEBUG=1",
					"$(inherited)",
				);
				GCC_WARN_64_TO_32_BIT_CONVERSION = YES;
				GCC_WARN_ABOUT_RETURN_TYPE = YES_ERROR;
				GCC_WARN_UNDECLARED_SELECTOR = YES;
				GCC_WARN_UNINITIALIZED_AUTOS = YES_AGGRESSIVE;
				GCC_WARN_UNUSED_FUNCTION = YES;
				GCC_WARN_UNUSED_VARIABLE = YES;
				IPHONEOS_DEPLOYMENT_TARGET = 18.1;
				LOCALIZATION_PREFERS_STRING_CATALOGS = YES;
				MTL_ENABLE_DEBUG_INFO = INCLUDE_SOURCE;
				MTL_FAST_MATH = YES;
				ONLY_ACTIVE_ARCH = YES;
				SDKROOT = iphoneos;
				SWIFT_ACTIVE_COMPILATION_CONDITIONS = "DEBUG $(inherited)";
				SWIFT_OPTIMIZATION_LEVEL = "-Onone";
			};
			name = Debug;
		};
		824941872E4E48DB0058AB6E /* Release */ = {
			isa = XCBuildConfiguration;
			buildSettings = {
				ALWAYS_SEARCH_USER_PATHS = NO;
				ASSETCATALOG_COMPILER_GENERATE_SWIFT_ASSET_SYMBOL_EXTENSIONS = YES;
				CLANG_ANALYZER_NONNULL = YES;
				CLANG_ANALYZER_NUMBER_OBJECT_CONVERSION = YES_AGGRESSIVE;
				CLANG_CXX_LANGUAGE_STANDARD = "gnu++20";
				CLANG_ENABLE_MODULES = YES;
				CLANG_ENABLE_OBJC_ARC = YES;
				CLANG_ENABLE_OBJC_WEAK = YES;
				CLANG_WARN_BLOCK_CAPTURE_AUTORELEASING = YES;
				CLANG_WARN_BOOL_CONVERSION = YES;
				CLANG_WARN_COMMA = YES;
				CLANG_WARN_CONSTANT_CONVERSION = YES;
				CLANG_WARN_DEPRECATED_OBJC_IMPLEMENTATIONS = YES;
				CLANG_WARN_DIRECT_OBJC_ISA_USAGE = YES_ERROR;
				CLANG_WARN_DOCUMENTATION_COMMENTS = YES;
				CLANG_WARN_EMPTY_BODY = YES;
				CLANG_WARN_ENUM_CONVERSION = YES;
				CLANG_WARN_INFINITE_RECURSION = YES;
				CLANG_WARN_INT_CONVERSION = YES;
				CLANG_WARN_NON_LITERAL_NULL_CONVERSION = YES;
				CLANG_WARN_OBJC_IMPLICIT_RETAIN_SELF = YES;
				CLANG_WARN_OBJC_LITERAL_CONVERSION = YES;
				CLANG_WARN_OBJC_ROOT_CLASS = YES_ERROR;
				CLANG_WARN_QUOTED_INCLUDE_IN_FRAMEWORK_HEADER = YES;
				CLANG_WARN_RANGE_LOOP_ANALYSIS = YES;
				CLANG_WARN_STRICT_PROTOTYPES = YES;
				CLANG_WARN_SUSPICIOUS_MOVE = YES;
				CLANG_WARN_UNGUARDED_AVAILABILITY = YES_AGGRESSIVE;
				CLANG_WARN_UNREACHABLE_CODE = YES;
				CLANG_WARN__DUPLICATE_METHOD_MATCH = YES;
				COPY_PHASE_STRIP = NO;
				DEBUG_INFORMATION_FORMAT = "dwarf-with-dsym";
				ENABLE_NS_ASSERTIONS = NO;
				ENABLE_STRICT_OBJC_MSGSEND = YES;
				ENABLE_USER_SCRIPT_SANDBOXING = YES;
				GCC_C_LANGUAGE_STANDARD = gnu17;
				GCC_NO_COMMON_BLOCKS = YES;
				GCC_WARN_64_TO_32_BIT_CONVERSION = YES;
				GCC_WARN_ABOUT_RETURN_TYPE = YES_ERROR;
				GCC_WARN_UNDECLARED_SELECTOR = YES;
				GCC_WARN_UNINITIALIZED_AUTOS = YES_AGGRESSIVE;
				GCC_WARN_UNUSED_FUNCTION = YES;
				GCC_WARN_UNUSED_VARIABLE = YES;
				IPHONEOS_DEPLOYMENT_TARGET = 18.1;
				LOCALIZATION_PREFERS_STRING_CATALOGS = YES;
				MTL_ENABLE_DEBUG_INFO = NO;
				MTL_FAST_MATH = YES;
				SDKROOT = iphoneos;
				SWIFT_COMPILATION_MODE = wholemodule;
				VALIDATE_PRODUCT = YES;
			};
			name = Release;
		};
		824941892E4E48DB0058AB6E /* Debug */ = {
			isa = XCBuildConfiguration;
			buildSettings = {
				ASSETCATALOG_COMPILER_APPICON_NAME = AppIcon;
				ASSETCATALOG_COMPILER_GLOBAL_ACCENT_COLOR_NAME = AccentColor;
				CODE_SIGN_STYLE = Automatic;
				CURRENT_PROJECT_VERSION = 1;
				DEVELOPMENT_ASSET_PATHS = "\"MoviesApp/Preview Content\"";
				DEVELOPMENT_TEAM = 5UJ288UZ8A;
				ENABLE_PREVIEWS = YES;
				GENERATE_INFOPLIST_FILE = YES;
				INFOPLIST_KEY_UIApplicationSceneManifest_Generation = YES;
				INFOPLIST_KEY_UIApplicationSupportsIndirectInputEvents = YES;
				INFOPLIST_KEY_UILaunchScreen_Generation = YES;
				INFOPLIST_KEY_UISupportedInterfaceOrientations = UIInterfaceOrientationPortrait;
				LD_RUNPATH_SEARCH_PATHS = (
					"$(inherited)",
					"@executable_path/Frameworks",
				);
				MARKETING_VERSION = 1.0;
				PRODUCT_BUNDLE_IDENTIFIER = PreviewProject.MoviesApp;
				PRODUCT_NAME = "$(TARGET_NAME)";
				SWIFT_EMIT_LOC_STRINGS = YES;
				SWIFT_VERSION = 5.0;
				TARGETED_DEVICE_FAMILY = "1,2";
			};
			name = Debug;
		};
		8249418A2E4E48DB0058AB6E /* Release */ = {
			isa = XCBuildConfiguration;
			buildSettings = {
				ASSETCATALOG_COMPILER_APPICON_NAME = AppIcon;
				ASSETCATALOG_COMPILER_GLOBAL_ACCENT_COLOR_NAME = AccentColor;
				CODE_SIGN_STYLE = Automatic;
				CURRENT_PROJECT_VERSION = 1;
				DEVELOPMENT_ASSET_PATHS = "\"MoviesApp/Preview Content\"";
				DEVELOPMENT_TEAM = 5UJ288UZ8A;
				ENABLE_PREVIEWS = YES;
				GENERATE_INFOPLIST_FILE = YES;
				INFOPLIST_KEY_UIApplicationSceneManifest_Generation = YES;
				INFOPLIST_KEY_UIApplicationSupportsIndirectInputEvents = YES;
				INFOPLIST_KEY_UILaunchScreen_Generation = YES;
				INFOPLIST_KEY_UISupportedInterfaceOrientations = UIInterfaceOrientationPortrait;
				LD_RUNPATH_SEARCH_PATHS = (
					"$(inherited)",
					"@executable_path/Frameworks",
				);
				MARKETING_VERSION = 1.0;
				PRODUCT_BUNDLE_IDENTIFIER = PreviewProject.MoviesApp;
				PRODUCT_NAME = "$(TARGET_NAME)";
				SWIFT_EMIT_LOC_STRINGS = YES;
				SWIFT_VERSION = 5.0;
				TARGETED_DEVICE_FAMILY = "1,2";
			};
			name = Release;
		};
		8249418C2E4E48DB0058AB6E /* Debug */ = {
			isa = XCBuildConfiguration;
			buildSettings = {
				BUNDLE_LOADER = "$(TEST_HOST)";
				CODE_SIGN_STYLE = Automatic;
				CURRENT_PROJECT_VERSION = 1;
				DEVELOPMENT_TEAM = 5UJ288UZ8A;
				GENERATE_INFOPLIST_FILE = YES;
				IPHONEOS_DEPLOYMENT_TARGET = 18.1;
				MARKETING_VERSION = 1.0;
				PRODUCT_BUNDLE_IDENTIFIER = PreviewProject.MoviesAppTests;
				PRODUCT_NAME = "$(TARGET_NAME)";
				SWIFT_EMIT_LOC_STRINGS = NO;
				SWIFT_VERSION = 5.0;
				TARGETED_DEVICE_FAMILY = "1,2";
				TEST_HOST = "$(BUILT_PRODUCTS_DIR)/MoviesApp.app/$(BUNDLE_EXECUTABLE_FOLDER_PATH)/MoviesApp";
			};
			name = Debug;
		};
		8249418D2E4E48DB0058AB6E /* Release */ = {
			isa = XCBuildConfiguration;
			buildSettings = {
				BUNDLE_LOADER = "$(TEST_HOST)";
				CODE_SIGN_STYLE = Automatic;
				CURRENT_PROJECT_VERSION = 1;
				DEVELOPMENT_TEAM = 5UJ288UZ8A;
				GENERATE_INFOPLIST_FILE = YES;
				IPHONEOS_DEPLOYMENT_TARGET = 18.1;
				MARKETING_VERSION = 1.0;
				PRODUCT_BUNDLE_IDENTIFIER = PreviewProject.MoviesAppTests;
				PRODUCT_NAME = "$(TARGET_NAME)";
				SWIFT_EMIT_LOC_STRINGS = NO;
				SWIFT_VERSION = 5.0;
				TARGETED_DEVICE_FAMILY = "1,2";
				TEST_HOST = "$(BUILT_PRODUCTS_DIR)/MoviesApp.app/$(BUNDLE_EXECUTABLE_FOLDER_PATH)/MoviesApp";
			};
			name = Release;
		};
		8249418F2E4E48DB0058AB6E /* Debug */ = {
			isa = XCBuildConfiguration;
			buildSettings = {
				CODE_SIGN_STYLE = Automatic;
				CURRENT_PROJECT_VERSION = 1;
				DEVELOPMENT_TEAM = 5UJ288UZ8A;
				GENERATE_INFOPLIST_FILE = YES;
				MARKETING_VERSION = 1.0;
				PRODUCT_BUNDLE_IDENTIFIER = PreviewProject.MoviesAppUITests;
				PRODUCT_NAME = "$(TARGET_NAME)";
				SWIFT_EMIT_LOC_STRINGS = NO;
				SWIFT_VERSION = 5.0;
				TARGETED_DEVICE_FAMILY = "1,2";
				TEST_TARGET_NAME = MoviesApp;
			};
			name = Debug;
		};
		824941902E4E48DB0058AB6E /* Release */ = {
			isa = XCBuildConfiguration;
			buildSettings = {
				CODE_SIGN_STYLE = Automatic;
				CURRENT_PROJECT_VERSION = 1;
				DEVELOPMENT_TEAM = 5UJ288UZ8A;
				GENERATE_INFOPLIST_FILE = YES;
				MARKETING_VERSION = 1.0;
				PRODUCT_BUNDLE_IDENTIFIER = PreviewProject.MoviesAppUITests;
				PRODUCT_NAME = "$(TARGET_NAME)";
				SWIFT_EMIT_LOC_STRINGS = NO;
				SWIFT_VERSION = 5.0;
				TARGETED_DEVICE_FAMILY = "1,2";
				TEST_TARGET_NAME = MoviesApp;
			};
			name = Release;
		};
/* End XCBuildConfiguration section */

/* Begin XCConfigurationList section */
		8249415F2E4E48D90058AB6E /* Build configuration list for PBXProject "MoviesApp" */ = {
			isa = XCConfigurationList;
			buildConfigurations = (
				824941862E4E48DB0058AB6E /* Debug */,
				824941872E4E48DB0058AB6E /* Release */,
			);
			defaultConfigurationIsVisible = 0;
			defaultConfigurationName = Release;
		};
		824941882E4E48DB0058AB6E /* Build configuration list for PBXNativeTarget "MoviesApp" */ = {
			isa = XCConfigurationList;
			buildConfigurations = (
				824941892E4E48DB0058AB6E /* Debug */,
				8249418A2E4E48DB0058AB6E /* Release */,
			);
			defaultConfigurationIsVisible = 0;
			defaultConfigurationName = Release;
		};
		8249418B2E4E48DB0058AB6E /* Build configuration list for PBXNativeTarget "MoviesAppTests" */ = {
			isa = XCConfigurationList;
			buildConfigurations = (
				8249418C2E4E48DB0058AB6E /* Debug */,
				8249418D2E4E48DB0058AB6E /* Release */,
			);
			defaultConfigurationIsVisible = 0;
			defaultConfigurationName = Release;
		};
		8249418E2E4E48DB0058AB6E /* Build configuration list for PBXNativeTarget "MoviesAppUITests" */ = {
			isa = XCConfigurationList;
			buildConfigurations = (
				8249418F2E4E48DB0058AB6E /* Debug */,
				824941902E4E48DB0058AB6E /* Release */,
			);
			defaultConfigurationIsVisible = 0;
			defaultConfigurationName = Release;
		};
/* End XCConfigurationList section */

/* Begin XCRemoteSwiftPackageReference section */
		82394BD22E5076B200235CC7 /* XCRemoteSwiftPackageReference "Kingfisher" */ = {
			isa = XCRemoteSwiftPackageReference;
			repositoryURL = "https://github.com/onevcat/Kingfisher.git";
			requirement = {
				kind = upToNextMajorVersion;
				minimumVersion = 8.5.0;
			};
		};
/* End XCRemoteSwiftPackageReference section */

/* Begin XCSwiftPackageProductDependency section */
		82394BD32E5076B200235CC7 /* Kingfisher */ = {
			isa = XCSwiftPackageProductDependency;
			package = 82394BD22E5076B200235CC7 /* XCRemoteSwiftPackageReference "Kingfisher" */;
			productName = Kingfisher;
		};
/* End XCSwiftPackageProductDependency section */
	};
	rootObject = 8249415C2E4E48D90058AB6E /* Project object */;
}
